<?xml version="1.0" encoding="utf-8"?>
<Project ToolsVersion="4.0" xmlns="http://schemas.microsoft.com/developer/msbuild/2003">
  <ItemGroup>
    <Filter Include="Source Files">
      <UniqueIdentifier>{4FC737F1-C7A5-4376-A066-2A32D752A2FF}</UniqueIdentifier>
      <Extensions>cpp;c;cc;cxx;def;odl;idl;hpj;bat;asm;asmx</Extensions>
    </Filter>
    <Filter Include="Header Files">
      <UniqueIdentifier>{93995380-89BD-4b04-88EB-625FBE52EBFB}</UniqueIdentifier>
      <Extensions>h;hh;hpp;hxx;hm;inl;inc;ipp;xsd</Extensions>
    </Filter>
    <Filter Include="Resource Files">
      <UniqueIdentifier>{67DA6AB6-F800-4c08-8B7A-83BB121AAD01}</UniqueIdentifier>
      <Extensions>rc;ico;cur;bmp;dlg;rc2;rct;bin;rgs;gif;jpg;jpeg;jpe;resx;tiff;tif;png;wav;mfcribbon-ms</Extensions>
    </Filter>
  </ItemGroup>
  <ItemGroup>
    <ClCompile Include="src\conversion.c">
      <Filter>Source Files</Filter>
    </ClCompile>
    <ClCompile Include="src\ephemgal.c">
      <Filter>Source Files</Filter>
    </ClCompile>
    <ClCompile Include="src\fifoBuffer.c">
      <Filter>Source Files</Filter>
    </ClCompile>
    <ClCompile Include="src\gal-sdr-sim.c">
      <Filter>Source Files</Filter>
    </ClCompile>
    <ClCompile Include="src\galsignal.c">
      <Filter>Source Files</Filter>
    </ClCompile>
    <ClCompile Include="src\galWord.c">
      <Filter>Source Files</Filter>
    </ClCompile>
    <ClCompile Include="src\hackrf-tr.c">
      <Filter>Source Files</Filter>
    </ClCompile>
    <ClCompile Include="src\motionType.c">
      <Filter>Source Files</Filter>
    </ClCompile>
    <ClCompile Include="src\readTestvectors.c">
      <Filter>Source Files</Filter>
    </ClCompile>
    <ClCompile Include="src\receiver.c">
      <Filter>Source Files</Filter>
    </ClCompile>
    <ClCompile Include="src\satListType.c">
      <Filter>Source Files</Filter>
    </ClCompile>
    <ClCompile Include="src\signalControl.c">
      <Filter>Source Files</Filter>
    </ClCompile>
    <ClCompile Include="src\updateThread.c">
      <Filter>Source Files</Filter>
    </ClCompile>
    <ClCompile Include="gal_osnma_sim.c">
      <Filter>Source Files</Filter>
    </ClCompile>
    <ClCompile Include="src\uc_birim.c">
      <Filter>Source Files</Filter>
    </ClCompile>
  </ItemGroup>
  <ItemGroup>
    <ClInclude Include="include\constants.h">
      <Filter>Header Files</Filter>
    </ClInclude>
    <ClInclude Include="include\conversion.h">
      <Filter>Header Files</Filter>
    </ClInclude>
    <ClInclude Include="include\CRC_CODE.h">
      <Filter>Header Files</Filter>
    </ClInclude>
    <ClInclude Include="include\ephemgal.h">
      <Filter>Header Files</Filter>
    </ClInclude>
    <ClInclude Include="include\fifoBuffer.h">
      <Filter>Header Files</Filter>
    </ClInclude>
    <ClInclude Include="include\gal-sdr-sim.h">
      <Filter>Header Files</Filter>
    </ClInclude>
    <ClInclude Include="include\galsignal.h">
      <Filter>Header Files</Filter>
    </ClInclude>
    <ClInclude Include="include\galWord.h">
      <Filter>Header Files</Filter>
    </ClInclude>
    <ClInclude Include="include\hackrf-tr.h">
      <Filter>Header Files</Filter>
    </ClInclude>
    <ClInclude Include="include\motionType.h">
      <Filter>Header Files</Filter>
    </ClInclude>
    <ClInclude Include="include\outputConf.h">
      <Filter>Header Files</Filter>
    </ClInclude>
    <ClInclude Include="include\PRN_CODE.h">
      <Filter>Header Files</Filter>
    </ClInclude>
    <ClInclude Include="include\readTestvectors.h">
      <Filter>Header Files</Filter>
    </ClInclude>
    <ClInclude Include="include\receiver.h">
      <Filter>Header Files</Filter>
    </ClInclude>
    <ClInclude Include="include\satDataType.h">
      <Filter>Header Files</Filter>
    </ClInclude>
    <ClInclude Include="include\satListType.h">
      <Filter>Header Files</Filter>
    </ClInclude>
    <ClInclude Include="include\signalControl.h">
      <Filter>Header Files</Filter>
    </ClInclude>
    <ClInclude Include="include\timeType.h">
      <Filter>Header Files</Filter>
    </ClInclude>
    <ClInclude Include="include\type.h">
      <Filter>Header Files</Filter>
    </ClInclude>
    <ClInclude Include="include\updateThread.h">
      <Filter>Header Files</Filter>
    </ClInclude>
    <ClInclude Include="include\uc_birim.h">
      <Filter>Header Files</Filter>
    </ClInclude>
  </ItemGroup>
</Project>